
Microsoft Visual Studio Solution File, Format Version 12.00
# Visual Studio Version 16
VisualStudioVersion = 16.0.32002.261
MinimumVisualStudioVersion = 10.0.40219.1
Project("{FAE04EC0-301F-11D3-BF4B-00C04F79EFBC}") = "Generic", "Generic\Generic.csproj", "{AC787D78-9142-41CE-BF3B-6EC803F8052E}"
EndProject
Global
	GlobalSection(SolutionConfigurationPlatforms) = preSolution
		Debug|Any CPU = Debug|Any CPU
		Release|Any CPU = Release|Any CPU
	EndGlobalSection
	GlobalSection(ProjectConfigurationPlatforms) = postSolution
		{AC787D78-9142-41CE-BF3B-6EC803F8052E}.Debug|Any CPU.ActiveCfg = Debug|Any CPU
		{AC787D78-9142-41CE-BF3B-6EC803F8052E}.Debug|Any CPU.Build.0 = Debug|Any CPU
		{AC787D78-9142-41CE-BF3B-6EC803F8052E}.Release|Any CPU.ActiveCfg = Release|Any CPU
		{AC787D78-9142-41CE-BF3B-6EC803F8052E}.Release|Any CPU.Build.0 = Release|Any CPU
	EndGlobalSection
	GlobalSection(SolutionProperties) = preSolution
		HideSolutionNode = FALSE
	EndGlobalSection
	GlobalSection(ExtensibilityGlobals) = postSolution
		SolutionGuid = {C6548F36-289D-46CB-ADF3-A0607F863416}
	EndGlobalSection
EndGlobal
